
Microsoft Visual Studio Solution File, Format Version 12.00
# Visual Studio Version 16
VisualStudioVersion = 16.0.29306.81
MinimumVisualStudioVersion = 10.0.40219.1
Project("{9A19103F-16F7-4668-BE54-9A1E7A4F7556}") = "Penguin.Cms.Workers", "Penguin.Cms.Workers.csproj", "{3297F241-789D-4106-A663-870AC7466CD0}"
EndProject
Global
	GlobalSection(SolutionConfigurationPlatforms) = preSolution
		Debug|Any CPU = Debug|Any CPU
		Release|Any CPU = Release|Any CPU
	EndGlobalSection
	GlobalSection(ProjectConfigurationPlatforms) = postSolution
		{3297F241-789D-4106-A663-870AC7466CD0}.Debug|Any CPU.ActiveCfg = Debug|Any CPU
		{3297F241-789D-4106-A663-870AC7466CD0}.Debug|Any CPU.Build.0 = Debug|Any CPU
		{3297F241-789D-4106-A663-870AC7466CD0}.Release|Any CPU.ActiveCfg = Release|Any CPU
		{3297F241-789D-4106-A663-870AC7466CD0}.Release|Any CPU.Build.0 = Release|Any CPU
	EndGlobalSection
	GlobalSection(SolutionProperties) = preSolution
		HideSolutionNode = FALSE
	EndGlobalSection
	GlobalSection(ExtensibilityGlobals) = postSolution
		SolutionGuid = {7CF3FE31-8664-47D5-A922-137C23A62830}
	EndGlobalSection
EndGlobal
